// !$*UTF8*$!
{
	archiveVersion = 1;
	classes = {
	};
	objectVersion = 51;
	objects = {

/* Begin PBXBuildFile section */
		72410D8D8138FA880F0507AD /* Pods_Test_Headshot.framework in Frameworks */ = {isa = PBXBuildFile; fileRef = F1F7729C5CD02C25106323B7 /* Pods_Test_Headshot.framework */; };
		91B92A2523897D25000D2024 /* AppDelegate.swift in Sources */ = {isa = PBXBuildFile; fileRef = 91B92A2423897D25000D2024 /* AppDelegate.swift */; };
		91B92A2723897D25000D2024 /* SceneDelegate.swift in Sources */ = {isa = PBXBuildFile; fileRef = 91B92A2623897D25000D2024 /* SceneDelegate.swift */; };
		91B92A2923897D25000D2024 /* ContentView.swift in Sources */ = {isa = PBXBuildFile; fileRef = 91B92A2823897D25000D2024 /* ContentView.swift */; };
		91B92A2B23897D29000D2024 /* Assets.xcassets in Resources */ = {isa = PBXBuildFile; fileRef = 91B92A2A23897D29000D2024 /* Assets.xcassets */; };
		91B92A2E23897D29000D2024 /* Preview Assets.xcassets in Resources */ = {isa = PBXBuildFile; fileRef = 91B92A2D23897D29000D2024 /* Preview Assets.xcassets */; };
		91B92A3123897D29000D2024 /* LaunchScreen.storyboard in Resources */ = {isa = PBXBuildFile; fileRef = 91B92A2F23897D29000D2024 /* LaunchScreen.storyboard */; };
		91D4F4EE2389A232006C428E /* CameraView.swift in Sources */ = {isa = PBXBuildFile; fileRef = 91D4F4ED2389A231006C428E /* CameraView.swift */; };
		91D4F4FD2389C463006C428E /* GPUImage.framework in Frameworks */ = {isa = PBXBuildFile; fileRef = 91D4F4F82389C432006C428E /* GPUImage.framework */; };
		91D4F4FF2389C473006C428E /* GPUImage.framework in CopyFiles */ = {isa = PBXBuildFile; fileRef = 91D4F4F82389C432006C428E /* GPUImage.framework */; settings = {ATTRIBUTES = (CodeSignOnCopy, RemoveHeadersOnCopy, ); }; };
		91D4F5012389C722006C428E /* CameraPreviewView.swift in Sources */ = {isa = PBXBuildFile; fileRef = 91D4F5002389C722006C428E /* CameraPreviewView.swift */; };
/* End PBXBuildFile section */

/* Begin PBXContainerItemProxy section */
		91D4F4F72389C432006C428E /* PBXContainerItemProxy */ = {
			isa = PBXContainerItemProxy;
			containerPortal = 91D4F4F22389C432006C428E /* GPUImage.xcodeproj */;
			proxyType = 2;
			remoteGlobalIDString = BCE0BE7C20D6DE610006E120;
			remoteInfo = GPUImage_iOS;
		};
		91D4F4F92389C432006C428E /* PBXContainerItemProxy */ = {
			isa = PBXContainerItemProxy;
			containerPortal = 91D4F4F22389C432006C428E /* GPUImage.xcodeproj */;
			proxyType = 2;
			remoteGlobalIDString = BCE0BE8C20D6E2B80006E120;
			remoteInfo = GPUImage_macOS;
		};
		91D4F4FB2389C454006C428E /* PBXContainerItemProxy */ = {
			isa = PBXContainerItemProxy;
			containerPortal = 91D4F4F22389C432006C428E /* GPUImage.xcodeproj */;
			proxyType = 1;
			remoteGlobalIDString = BCE0BE7B20D6DE610006E120;
			remoteInfo = GPUImage_iOS;
		};
/* End PBXContainerItemProxy section */

/* Begin PBXCopyFilesBuildPhase section */
		912C8E9F23898506008F8E8E /* CopyFiles */ = {
			isa = PBXCopyFilesBuildPhase;
			buildActionMask = 2147483647;
			dstPath = "";
			dstSubfolderSpec = 10;
			files = (
			);
			runOnlyForDeploymentPostprocessing = 0;
		};
		91D4F4FE2389C469006C428E /* CopyFiles */ = {
			isa = PBXCopyFilesBuildPhase;
			buildActionMask = 2147483647;
			dstPath = "";
			dstSubfolderSpec = 10;
			files = (
				91D4F4FF2389C473006C428E /* GPUImage.framework in CopyFiles */,
			);
			runOnlyForDeploymentPostprocessing = 0;
		};
/* End PBXCopyFilesBuildPhase section */

/* Begin PBXFileReference section */
		681F4FC5D76C6EFC3F5BA2CB /* Pods-Test-Headshot.debug.xcconfig */ = {isa = PBXFileReference; includeInIndex = 1; lastKnownFileType = text.xcconfig; name = "Pods-Test-Headshot.debug.xcconfig"; path = "Target Support Files/Pods-Test-Headshot/Pods-Test-Headshot.debug.xcconfig"; sourceTree = "<group>"; };
		91B92A2123897D25000D2024 /* Test-Headshot.app */ = {isa = PBXFileReference; explicitFileType = wrapper.application; includeInIndex = 0; path = "Test-Headshot.app"; sourceTree = BUILT_PRODUCTS_DIR; };
		91B92A2423897D25000D2024 /* AppDelegate.swift */ = {isa = PBXFileReference; lastKnownFileType = sourcecode.swift; path = AppDelegate.swift; sourceTree = "<group>"; };
		91B92A2623897D25000D2024 /* SceneDelegate.swift */ = {isa = PBXFileReference; lastKnownFileType = sourcecode.swift; path = SceneDelegate.swift; sourceTree = "<group>"; };
		91B92A2823897D25000D2024 /* ContentView.swift */ = {isa = PBXFileReference; lastKnownFileType = sourcecode.swift; path = ContentView.swift; sourceTree = "<group>"; };
		91B92A2A23897D29000D2024 /* Assets.xcassets */ = {isa = PBXFileReference; lastKnownFileType = folder.assetcatalog; path = Assets.xcassets; sourceTree = "<group>"; };
		91B92A2D23897D29000D2024 /* Preview Assets.xcassets */ = {isa = PBXFileReference; lastKnownFileType = folder.assetcatalog; path = "Preview Assets.xcassets"; sourceTree = "<group>"; };
		91B92A3023897D29000D2024 /* Base */ = {isa = PBXFileReference; lastKnownFileType = file.storyboard; name = Base; path = Base.lproj/LaunchScreen.storyboard; sourceTree = "<group>"; };
		91B92A3223897D29000D2024 /* Info.plist */ = {isa = PBXFileReference; lastKnownFileType = text.plist.xml; path = Info.plist; sourceTree = "<group>"; };
		91D4F4ED2389A231006C428E /* CameraView.swift */ = {isa = PBXFileReference; fileEncoding = 4; lastKnownFileType = sourcecode.swift; path = CameraView.swift; sourceTree = "<group>"; };
		91D4F4F22389C432006C428E /* GPUImage.xcodeproj */ = {isa = PBXFileReference; lastKnownFileType = "wrapper.pb-project"; name = GPUImage.xcodeproj; path = "../../../../Desktop/GPUImage3-master/framework/GPUImage.xcodeproj"; sourceTree = "<group>"; };
		91D4F5002389C722006C428E /* CameraPreviewView.swift */ = {isa = PBXFileReference; lastKnownFileType = sourcecode.swift; path = CameraPreviewView.swift; sourceTree = "<group>"; };
		C1E7A48D2DE5CA7DF68BB422 /* Pods-Test-Headshot.release.xcconfig */ = {isa = PBXFileReference; includeInIndex = 1; lastKnownFileType = text.xcconfig; name = "Pods-Test-Headshot.release.xcconfig"; path = "Target Support Files/Pods-Test-Headshot/Pods-Test-Headshot.release.xcconfig"; sourceTree = "<group>"; };
		F1F7729C5CD02C25106323B7 /* Pods_Test_Headshot.framework */ = {isa = PBXFileReference; explicitFileType = wrapper.framework; includeInIndex = 0; path = Pods_Test_Headshot.framework; sourceTree = BUILT_PRODUCTS_DIR; };
/* End PBXFileReference section */

/* Begin PBXFrameworksBuildPhase section */
		91B92A1E23897D25000D2024 /* Frameworks */ = {
			isa = PBXFrameworksBuildPhase;
			buildActionMask = 2147483647;
			files = (
				91D4F4FD2389C463006C428E /* GPUImage.framework in Frameworks */,
				72410D8D8138FA880F0507AD /* Pods_Test_Headshot.framework in Frameworks */,
			);
			runOnlyForDeploymentPostprocessing = 0;
		};
/* End PBXFrameworksBuildPhase section */

/* Begin PBXGroup section */
		2522F945C18DE95F0CBF350C /* Pods */ = {
			isa = PBXGroup;
			children = (
				681F4FC5D76C6EFC3F5BA2CB /* Pods-Test-Headshot.debug.xcconfig */,
				C1E7A48D2DE5CA7DF68BB422 /* Pods-Test-Headshot.release.xcconfig */,
			);
			path = Pods;
			sourceTree = "<group>";
		};
		3948138CF49E78634ED3E582 /* Frameworks */ = {
			isa = PBXGroup;
			children = (
				F1F7729C5CD02C25106323B7 /* Pods_Test_Headshot.framework */,
			);
			name = Frameworks;
			sourceTree = "<group>";
		};
		91B92A1823897D24000D2024 = {
			isa = PBXGroup;
			children = (
				91B92A2323897D25000D2024 /* Test-Headshot */,
				91B92A2223897D25000D2024 /* Products */,
				2522F945C18DE95F0CBF350C /* Pods */,
				3948138CF49E78634ED3E582 /* Frameworks */,
			);
			sourceTree = "<group>";
		};
		91B92A2223897D25000D2024 /* Products */ = {
			isa = PBXGroup;
			children = (
				91B92A2123897D25000D2024 /* Test-Headshot.app */,
			);
			name = Products;
			sourceTree = "<group>";
		};
		91B92A2323897D25000D2024 /* Test-Headshot */ = {
			isa = PBXGroup;
			children = (
				91D4F5002389C722006C428E /* CameraPreviewView.swift */,
				91D4F4ED2389A231006C428E /* CameraView.swift */,
				91B92A2423897D25000D2024 /* AppDelegate.swift */,
				91B92A2623897D25000D2024 /* SceneDelegate.swift */,
				91B92A2823897D25000D2024 /* ContentView.swift */,
				91B92A2A23897D29000D2024 /* Assets.xcassets */,
				91B92A2F23897D29000D2024 /* LaunchScreen.storyboard */,
				91B92A3223897D29000D2024 /* Info.plist */,
				91D4F4F22389C432006C428E /* GPUImage.xcodeproj */,
				91B92A2C23897D29000D2024 /* Preview Content */,
			);
			path = "Test-Headshot";
			sourceTree = "<group>";
		};
		91B92A2C23897D29000D2024 /* Preview Content */ = {
			isa = PBXGroup;
			children = (
				91B92A2D23897D29000D2024 /* Preview Assets.xcassets */,
			);
			path = "Preview Content";
			sourceTree = "<group>";
		};
		91D4F4F32389C432006C428E /* Products */ = {
			isa = PBXGroup;
			children = (
				91D4F4F82389C432006C428E /* GPUImage.framework */,
				91D4F4FA2389C432006C428E /* GPUImage.framework */,
			);
			name = Products;
			sourceTree = "<group>";
		};
/* End PBXGroup section */

/* Begin PBXNativeTarget section */
		91B92A2023897D25000D2024 /* Test-Headshot */ = {
			isa = PBXNativeTarget;
			buildConfigurationList = 91B92A3523897D29000D2024 /* Build configuration list for PBXNativeTarget "Test-Headshot" */;
			buildPhases = (
				5FCB60D43FDD4A227016DF21 /* [CP] Check Pods Manifest.lock */,
				91B92A1D23897D25000D2024 /* Sources */,
				91B92A1E23897D25000D2024 /* Frameworks */,
				91B92A1F23897D25000D2024 /* Resources */,
				912C8E9F23898506008F8E8E /* CopyFiles */,
				B829EC8E5A58719390442161 /* [CP] Embed Pods Frameworks */,
				91D4F4FE2389C469006C428E /* CopyFiles */,
			);
			buildRules = (
			);
			dependencies = (
				91D4F4FC2389C454006C428E /* PBXTargetDependency */,
			);
			name = "Test-Headshot";
			productName = "Test-Headshot";
			productReference = 91B92A2123897D25000D2024 /* Test-Headshot.app */;
			productType = "com.apple.product-type.application";
		};
/* End PBXNativeTarget section */

/* Begin PBXProject section */
		91B92A1923897D24000D2024 /* Project object */ = {
			isa = PBXProject;
			attributes = {
				LastSwiftUpdateCheck = 1120;
				LastUpgradeCheck = 1120;
				ORGANIZATIONNAME = "Shodu Ltd";
				TargetAttributes = {
					91B92A2023897D25000D2024 = {
						CreatedOnToolsVersion = 11.2.1;
					};
				};
			};
			buildConfigurationList = 91B92A1C23897D24000D2024 /* Build configuration list for PBXProject "Test-Headshot" */;
			compatibilityVersion = "Xcode 9.3";
			developmentRegion = en;
			hasScannedForEncodings = 0;
			knownRegions = (
				en,
				Base,
			);
			mainGroup = 91B92A1823897D24000D2024;
			productRefGroup = 91B92A2223897D25000D2024 /* Products */;
			projectDirPath = "";
			projectReferences = (
				{
					ProductGroup = 91D4F4F32389C432006C428E /* Products */;
					ProjectRef = 91D4F4F22389C432006C428E /* GPUImage.xcodeproj */;
				},
			);
			projectRoot = "";
			targets = (
				91B92A2023897D25000D2024 /* Test-Headshot */,
			);
		};
/* End PBXProject section */

/* Begin PBXReferenceProxy section */
		91D4F4F82389C432006C428E /* GPUImage.framework */ = {
			isa = PBXReferenceProxy;
			fileType = wrapper.framework;
			path = GPUImage.framework;
			remoteRef = 91D4F4F72389C432006C428E /* PBXContainerItemProxy */;
			sourceTree = BUILT_PRODUCTS_DIR;
		};
		91D4F4FA2389C432006C428E /* GPUImage.framework */ = {
			isa = PBXReferenceProxy;
			fileType = wrapper.framework;
			path = GPUImage.framework;
			remoteRef = 91D4F4F92389C432006C428E /* PBXContainerItemProxy */;
			sourceTree = BUILT_PRODUCTS_DIR;
		};
/* End PBXReferenceProxy section */

/* Begin PBXResourcesBuildPhase section */
		91B92A1F23897D25000D2024 /* Resources */ = {
			isa = PBXResourcesBuildPhase;
			buildActionMask = 2147483647;
			files = (
				91B92A3123897D29000D2024 /* LaunchScreen.storyboard in Resources */,
				91B92A2E23897D29000D2024 /* Preview Assets.xcassets in Resources */,
				91B92A2B23897D29000D2024 /* Assets.xcassets in Resources */,
			);
			runOnlyForDeploymentPostprocessing = 0;
		};
/* End PBXResourcesBuildPhase section */

/* Begin PBXShellScriptBuildPhase section */
		5FCB60D43FDD4A227016DF21 /* [CP] Check Pods Manifest.lock */ = {
			isa = PBXShellScriptBuildPhase;
			buildActionMask = 2147483647;
			files = (
			);
			inputFileListPaths = (
			);
			inputPaths = (
				"${PODS_PODFILE_DIR_PATH}/Podfile.lock",
				"${PODS_ROOT}/Manifest.lock",
			);
			name = "[CP] Check Pods Manifest.lock";
			outputFileListPaths = (
			);
			outputPaths = (
				"$(DERIVED_FILE_DIR)/Pods-Test-Headshot-checkManifestLockResult.txt",
			);
			runOnlyForDeploymentPostprocessing = 0;
			shellPath = /bin/sh;
			shellScript = "diff \"${PODS_PODFILE_DIR_PATH}/Podfile.lock\" \"${PODS_ROOT}/Manifest.lock\" > /dev/null\nif [ $? != 0 ] ; then\n    # print error to STDERR\n    echo \"error: The sandbox is not in sync with the Podfile.lock. Run 'pod install' or update your CocoaPods installation.\" >&2\n    exit 1\nfi\n# This output is used by Xcode 'outputs' to avoid re-running this script phase.\necho \"SUCCESS\" > \"${SCRIPT_OUTPUT_FILE_0}\"\n";
			showEnvVarsInLog = 0;
		};
		B829EC8E5A58719390442161 /* [CP] Embed Pods Frameworks */ = {
			isa = PBXShellScriptBuildPhase;
			buildActionMask = 2147483647;
			files = (
			);
			inputFileListPaths = (
				"${PODS_ROOT}/Target Support Files/Pods-Test-Headshot/Pods-Test-Headshot-frameworks-${CONFIGURATION}-input-files.xcfilelist",
			);
			name = "[CP] Embed Pods Frameworks";
			outputFileListPaths = (
				"${PODS_ROOT}/Target Support Files/Pods-Test-Headshot/Pods-Test-Headshot-frameworks-${CONFIGURATION}-output-files.xcfilelist",
			);
			runOnlyForDeploymentPostprocessing = 0;
			shellPath = /bin/sh;
			shellScript = "\"${PODS_ROOT}/Target Support Files/Pods-Test-Headshot/Pods-Test-Headshot-frameworks.sh\"\n";
			showEnvVarsInLog = 0;
		};
/* End PBXShellScriptBuildPhase section */

/* Begin PBXSourcesBuildPhase section */
		91B92A1D23897D25000D2024 /* Sources */ = {
			isa = PBXSourcesBuildPhase;
			buildActionMask = 2147483647;
			files = (
				91B92A2523897D25000D2024 /* AppDelegate.swift in Sources */,
				91B92A2723897D25000D2024 /* SceneDelegate.swift in Sources */,
				91D4F5012389C722006C428E /* CameraPreviewView.swift in Sources */,
				91B92A2923897D25000D2024 /* ContentView.swift in Sources */,
				91D4F4EE2389A232006C428E /* CameraView.swift in Sources */,
			);
			runOnlyForDeploymentPostprocessing = 0;
		};
/* End PBXSourcesBuildPhase section */

/* Begin PBXTargetDependency section */
		91D4F4FC2389C454006C428E /* PBXTargetDependency */ = {
			isa = PBXTargetDependency;
			name = GPUImage_iOS;
			targetProxy = 91D4F4FB2389C454006C428E /* PBXContainerItemProxy */;
		};
/* End PBXTargetDependency section */

/* Begin PBXVariantGroup section */
		91B92A2F23897D29000D2024 /* LaunchScreen.storyboard */ = {
			isa = PBXVariantGroup;
			children = (
				91B92A3023897D29000D2024 /* Base */,
			);
			name = LaunchScreen.storyboard;
			sourceTree = "<group>";
		};
/* End PBXVariantGroup section */

/* Begin XCBuildConfiguration section */
		91B92A3323897D29000D2024 /* Debug */ = {
			isa = XCBuildConfiguration;
			buildSettings = {
				ALWAYS_SEARCH_USER_PATHS = NO;
				CLANG_ANALYZER_NONNULL = YES;
				CLANG_ANALYZER_NUMBER_OBJECT_CONVERSION = YES_AGGRESSIVE;
				CLANG_CXX_LANGUAGE_STANDARD = "gnu++14";
				CLANG_CXX_LIBRARY = "libc++";
				CLANG_ENABLE_MODULES = YES;
				CLANG_ENABLE_OBJC_ARC = YES;
				CLANG_ENABLE_OBJC_WEAK = YES;
				CLANG_WARN_BLOCK_CAPTURE_AUTORELEASING = YES;
				CLANG_WARN_BOOL_CONVERSION = YES;
				CLANG_WARN_COMMA = YES;
				CLANG_WARN_CONSTANT_CONVERSION = YES;
				CLANG_WARN_DEPRECATED_OBJC_IMPLEMENTATIONS = YES;
				CLANG_WARN_DIRECT_OBJC_ISA_USAGE = YES_ERROR;
				CLANG_WARN_DOCUMENTATION_COMMENTS = YES;
				CLANG_WARN_EMPTY_BODY = YES;
				CLANG_WARN_ENUM_CONVERSION = YES;
				CLANG_WARN_INFINITE_RECURSION = YES;
				CLANG_WARN_INT_CONVERSION = YES;
				CLANG_WARN_NON_LITERAL_NULL_CONVERSION = YES;
				CLANG_WARN_OBJC_IMPLICIT_RETAIN_SELF = YES;
				CLANG_WARN_OBJC_LITERAL_CONVERSION = YES;
				CLANG_WARN_OBJC_ROOT_CLASS = YES_ERROR;
				CLANG_WARN_RANGE_LOOP_ANALYSIS = YES;
				CLANG_WARN_STRICT_PROTOTYPES = YES;
				CLANG_WARN_SUSPICIOUS_MOVE = YES;
				CLANG_WARN_UNGUARDED_AVAILABILITY = YES_AGGRESSIVE;
				CLANG_WARN_UNREACHABLE_CODE = YES;
				CLANG_WARN__DUPLICATE_METHOD_MATCH = YES;
				COPY_PHASE_STRIP = NO;
				DEBUG_INFORMATION_FORMAT = dwarf;
				ENABLE_STRICT_OBJC_MSGSEND = YES;
				ENABLE_TESTABILITY = YES;
				GCC_C_LANGUAGE_STANDARD = gnu11;
				GCC_DYNAMIC_NO_PIC = NO;
				GCC_NO_COMMON_BLOCKS = YES;
				GCC_OPTIMIZATION_LEVEL = 0;
				GCC_PREPROCESSOR_DEFINITIONS = (
					"DEBUG=1",
					"$(inherited)",
				);
				GCC_WARN_64_TO_32_BIT_CONVERSION = YES;
				GCC_WARN_ABOUT_RETURN_TYPE = YES_ERROR;
				GCC_WARN_UNDECLARED_SELECTOR = YES;
				GCC_WARN_UNINITIALIZED_AUTOS = YES_AGGRESSIVE;
				GCC_WARN_UNUSED_FUNCTION = YES;
				GCC_WARN_UNUSED_VARIABLE = YES;
				IPHONEOS_DEPLOYMENT_TARGET = 13.2;
				MTL_ENABLE_DEBUG_INFO = INCLUDE_SOURCE;
				MTL_FAST_MATH = YES;
				ONLY_ACTIVE_ARCH = YES;
				SDKROOT = iphoneos;
				SWIFT_ACTIVE_COMPILATION_CONDITIONS = DEBUG;
				SWIFT_OPTIMIZATION_LEVEL = "-Onone";
			};
			name = Debug;
		};
		91B92A3423897D29000D2024 /* Release */ = {
			isa = XCBuildConfiguration;
			buildSettings = {
				ALWAYS_SEARCH_USER_PATHS = NO;
				CLANG_ANALYZER_NONNULL = YES;
				CLANG_ANALYZER_NUMBER_OBJECT_CONVERSION = YES_AGGRESSIVE;
				CLANG_CXX_LANGUAGE_STANDARD = "gnu++14";
				CLANG_CXX_LIBRARY = "libc++";
				CLANG_ENABLE_MODULES = YES;
				CLANG_ENABLE_OBJC_ARC = YES;
				CLANG_ENABLE_OBJC_WEAK = YES;
				CLANG_WARN_BLOCK_CAPTURE_AUTORELEASING = YES;
				CLANG_WARN_BOOL_CONVERSION = YES;
				CLANG_WARN_COMMA = YES;
				CLANG_WARN_CONSTANT_CONVERSION = YES;
				CLANG_WARN_DEPRECATED_OBJC_IMPLEMENTATIONS = YES;
				CLANG_WARN_DIRECT_OBJC_ISA_USAGE = YES_ERROR;
				CLANG_WARN_DOCUMENTATION_COMMENTS = YES;
				CLANG_WARN_EMPTY_BODY = YES;
				CLANG_WARN_ENUM_CONVERSION = YES;
				CLANG_WARN_INFINITE_RECURSION = YES;
				CLANG_WARN_INT_CONVERSION = YES;
				CLANG_WARN_NON_LITERAL_NULL_CONVERSION = YES;
				CLANG_WARN_OBJC_IMPLICIT_RETAIN_SELF = YES;
				CLANG_WARN_OBJC_LITERAL_CONVERSION = YES;
				CLANG_WARN_OBJC_ROOT_CLASS = YES_ERROR;
				CLANG_WARN_RANGE_LOOP_ANALYSIS = YES;
				CLANG_WARN_STRICT_PROTOTYPES = YES;
				CLANG_WARN_SUSPICIOUS_MOVE = YES;
				CLANG_WARN_UNGUARDED_AVAILABILITY = YES_AGGRESSIVE;
				CLANG_WARN_UNREACHABLE_CODE = YES;
				CLANG_WARN__DUPLICATE_METHOD_MATCH = YES;
				COPY_PHASE_STRIP = NO;
				DEBUG_INFORMATION_FORMAT = "dwarf-with-dsym";
				ENABLE_NS_ASSERTIONS = NO;
				ENABLE_STRICT_OBJC_MSGSEND = YES;
				GCC_C_LANGUAGE_STANDARD = gnu11;
				GCC_NO_COMMON_BLOCKS = YES;
				GCC_WARN_64_TO_32_BIT_CONVERSION = YES;
				GCC_WARN_ABOUT_RETURN_TYPE = YES_ERROR;
				GCC_WARN_UNDECLARED_SELECTOR = YES;
				GCC_WARN_UNINITIALIZED_AUTOS = YES_AGGRESSIVE;
				GCC_WARN_UNUSED_FUNCTION = YES;
				GCC_WARN_UNUSED_VARIABLE = YES;
				IPHONEOS_DEPLOYMENT_TARGET = 13.2;
				MTL_ENABLE_DEBUG_INFO = NO;
				MTL_FAST_MATH = YES;
				SDKROOT = iphoneos;
				SWIFT_COMPILATION_MODE = wholemodule;
				SWIFT_OPTIMIZATION_LEVEL = "-O";
				VALIDATE_PRODUCT = YES;
			};
			name = Release;
		};
		91B92A3623897D29000D2024 /* Debug */ = {
			isa = XCBuildConfiguration;
			baseConfigurationReference = 681F4FC5D76C6EFC3F5BA2CB /* Pods-Test-Headshot.debug.xcconfig */;
			buildSettings = {
				ASSETCATALOG_COMPILER_APPICON_NAME = AppIcon;
				CODE_SIGN_STYLE = Automatic;
				DEVELOPMENT_ASSET_PATHS = "\"Test-Headshot/Preview Content\"";
				DEVELOPMENT_TEAM = C96JYW7QV2;
				ENABLE_PREVIEWS = YES;
				INFOPLIST_FILE = "Test-Headshot/Info.plist";
				LD_RUNPATH_SEARCH_PATHS = (
					"$(inherited)",
					"@executable_path/Frameworks",
				);
				PRODUCT_BUNDLE_IDENTIFIER = "com.shodu.Test-Headshot";
				PRODUCT_NAME = "$(TARGET_NAME)";
				SWIFT_VERSION = 5.0;
				TARGETED_DEVICE_FAMILY = "1,2";
			};
			name = Debug;
		};
		91B92A3723897D29000D2024 /* Release */ = {
			isa = XCBuildConfiguration;
			baseConfigurationReference = C1E7A48D2DE5CA7DF68BB422 /* Pods-Test-Headshot.release.xcconfig */;
			buildSettings = {
				ASSETCATALOG_COMPILER_APPICON_NAME = AppIcon;
				CODE_SIGN_STYLE = Automatic;
				DEVELOPMENT_ASSET_PATHS = "\"Test-Headshot/Preview Content\"";
				DEVELOPMENT_TEAM = C96JYW7QV2;
				ENABLE_PREVIEWS = YES;
				INFOPLIST_FILE = "Test-Headshot/Info.plist";
				LD_RUNPATH_SEARCH_PATHS = (
					"$(inherited)",
					"@executable_path/Frameworks",
				);
				PRODUCT_BUNDLE_IDENTIFIER = "com.shodu.Test-Headshot";
				PRODUCT_NAME = "$(TARGET_NAME)";
				SWIFT_VERSION = 5.0;
				TARGETED_DEVICE_FAMILY = "1,2";
			};
			name = Release;
		};
/* End XCBuildConfiguration section */

/* Begin XCConfigurationList section */
		91B92A1C23897D24000D2024 /* Build configuration list for PBXProject "Test-Headshot" */ = {
			isa = XCConfigurationList;
			buildConfigurations = (
				91B92A3323897D29000D2024 /* Debug */,
				91B92A3423897D29000D2024 /* Release */,
			);
			defaultConfigurationIsVisible = 0;
			defaultConfigurationName = Release;
		};
		91B92A3523897D29000D2024 /* Build configuration list for PBXNativeTarget "Test-Headshot" */ = {
			isa = XCConfigurationList;
			buildConfigurations = (
				91B92A3623897D29000D2024 /* Debug */,
				91B92A3723897D29000D2024 /* Release */,
			);
			defaultConfigurationIsVisible = 0;
			defaultConfigurationName = Release;
		};
/* End XCConfigurationList section */
	};
	rootObject = 91B92A1923897D24000D2024 /* Project object */;
}
